// !$*UTF8*$!
{
	archiveVersion = 1;
	classes = {
	};
	objectVersion = 56;
	objects = {

/* Begin PBXBuildFile section */
		6360D3A12A1CB23900E89576 /* EditVC.swift in Sources */ = {isa = PBXBuildFile; fileRef = 6360D3A02A1CB23900E89576 /* EditVC.swift */; };
		6360D3A32A1CB2E800E89576 /* Constants.swift in Sources */ = {isa = PBXBuildFile; fileRef = 6360D3A22A1CB2E800E89576 /* Constants.swift */; };
		6360D3A52A1D103700E89576 /* LaunchShcreen.storyboard in Resources */ = {isa = PBXBuildFile; fileRef = 6360D3A42A1D103700E89576 /* LaunchShcreen.storyboard */; };
		63E2ABC72A1BF145009C5495 /* AppDelegate.swift in Sources */ = {isa = PBXBuildFile; fileRef = 63E2ABC62A1BF145009C5495 /* AppDelegate.swift */; };
		63E2ABC92A1BF145009C5495 /* SceneDelegate.swift in Sources */ = {isa = PBXBuildFile; fileRef = 63E2ABC82A1BF145009C5495 /* SceneDelegate.swift */; };
		63E2ABCB2A1BF145009C5495 /* ViewController.swift in Sources */ = {isa = PBXBuildFile; fileRef = 63E2ABCA2A1BF145009C5495 /* ViewController.swift */; };
		63E2ABCE2A1BF145009C5495 /* Main.storyboard in Resources */ = {isa = PBXBuildFile; fileRef = 63E2ABCC2A1BF145009C5495 /* Main.storyboard */; };
		63E2ABD02A1BF147009C5495 /* Assets.xcassets in Resources */ = {isa = PBXBuildFile; fileRef = 63E2ABCF2A1BF147009C5495 /* Assets.xcassets */; };
		63E2ABDE2A1BF147009C5495 /* TicTacToeTests.swift in Sources */ = {isa = PBXBuildFile; fileRef = 63E2ABDD2A1BF147009C5495 /* TicTacToeTests.swift */; };
		63E2ABE82A1BF147009C5495 /* TicTacToeUITests.swift in Sources */ = {isa = PBXBuildFile; fileRef = 63E2ABE72A1BF147009C5495 /* TicTacToeUITests.swift */; };
		63E2ABEA2A1BF147009C5495 /* TicTacToeUITestsLaunchTests.swift in Sources */ = {isa = PBXBuildFile; fileRef = 63E2ABE92A1BF147009C5495 /* TicTacToeUITestsLaunchTests.swift */; };
/* End PBXBuildFile section */

/* Begin PBXContainerItemProxy section */
		63E2ABDA2A1BF147009C5495 /* PBXContainerItemProxy */ = {
			isa = PBXContainerItemProxy;
			containerPortal = 63E2ABBB2A1BF145009C5495 /* Project object */;
			proxyType = 1;
			remoteGlobalIDString = 63E2ABC22A1BF145009C5495;
			remoteInfo = TicTacToe;
		};
		63E2ABE42A1BF147009C5495 /* PBXContainerItemProxy */ = {
			isa = PBXContainerItemProxy;
			containerPortal = 63E2ABBB2A1BF145009C5495 /* Project object */;
			proxyType = 1;
			remoteGlobalIDString = 63E2ABC22A1BF145009C5495;
			remoteInfo = TicTacToe;
		};
/* End PBXContainerItemProxy section */

/* Begin PBXFileReference section */
		6360D3A02A1CB23900E89576 /* EditVC.swift */ = {isa = PBXFileReference; lastKnownFileType = sourcecode.swift; path = EditVC.swift; sourceTree = "<group>"; };
		6360D3A22A1CB2E800E89576 /* Constants.swift */ = {isa = PBXFileReference; lastKnownFileType = sourcecode.swift; path = Constants.swift; sourceTree = "<group>"; };
		6360D3A42A1D103700E89576 /* LaunchShcreen.storyboard */ = {isa = PBXFileReference; lastKnownFileType = file.storyboard; path = LaunchShcreen.storyboard; sourceTree = "<group>"; };
		63E2ABC32A1BF145009C5495 /* TicTacToe.app */ = {isa = PBXFileReference; explicitFileType = wrapper.application; includeInIndex = 0; path = TicTacToe.app; sourceTree = BUILT_PRODUCTS_DIR; };
		63E2ABC62A1BF145009C5495 /* AppDelegate.swift */ = {isa = PBXFileReference; lastKnownFileType = sourcecode.swift; path = AppDelegate.swift; sourceTree = "<group>"; };
		63E2ABC82A1BF145009C5495 /* SceneDelegate.swift */ = {isa = PBXFileReference; lastKnownFileType = sourcecode.swift; path = SceneDelegate.swift; sourceTree = "<group>"; };
		63E2ABCA2A1BF145009C5495 /* ViewController.swift */ = {isa = PBXFileReference; lastKnownFileType = sourcecode.swift; path = ViewController.swift; sourceTree = "<group>"; };
		63E2ABCD2A1BF145009C5495 /* Base */ = {isa = PBXFileReference; lastKnownFileType = file.storyboard; name = Base; path = Base.lproj/Main.storyboard; sourceTree = "<group>"; };
		63E2ABCF2A1BF147009C5495 /* Assets.xcassets */ = {isa = PBXFileReference; lastKnownFileType = folder.assetcatalog; path = Assets.xcassets; sourceTree = "<group>"; };
		63E2ABD42A1BF147009C5495 /* Info.plist */ = {isa = PBXFileReference; lastKnownFileType = text.plist.xml; path = Info.plist; sourceTree = "<group>"; };
		63E2ABD92A1BF147009C5495 /* TicTacToeTests.xctest */ = {isa = PBXFileReference; explicitFileType = wrapper.cfbundle; includeInIndex = 0; path = TicTacToeTests.xctest; sourceTree = BUILT_PRODUCTS_DIR; };
		63E2ABDD2A1BF147009C5495 /* TicTacToeTests.swift */ = {isa = PBXFileReference; lastKnownFileType = sourcecode.swift; path = TicTacToeTests.swift; sourceTree = "<group>"; };
		63E2ABE32A1BF147009C5495 /* TicTacToeUITests.xctest */ = {isa = PBXFileReference; explicitFileType = wrapper.cfbundle; includeInIndex = 0; path = TicTacToeUITests.xctest; sourceTree = BUILT_PRODUCTS_DIR; };
		63E2ABE72A1BF147009C5495 /* TicTacToeUITests.swift */ = {isa = PBXFileReference; lastKnownFileType = sourcecode.swift; path = TicTacToeUITests.swift; sourceTree = "<group>"; };
		63E2ABE92A1BF147009C5495 /* TicTacToeUITestsLaunchTests.swift */ = {isa = PBXFileReference; lastKnownFileType = sourcecode.swift; path = TicTacToeUITestsLaunchTests.swift; sourceTree = "<group>"; };
/* End PBXFileReference section */

/* Begin PBXFrameworksBuildPhase section */
		63E2ABC02A1BF145009C5495 /* Frameworks */ = {
			isa = PBXFrameworksBuildPhase;
			buildActionMask = 2147483647;
			files = (
			);
			runOnlyForDeploymentPostprocessing = 0;
		};
		63E2ABD62A1BF147009C5495 /* Frameworks */ = {
			isa = PBXFrameworksBuildPhase;
			buildActionMask = 2147483647;
			files = (
			);
			runOnlyForDeploymentPostprocessing = 0;
		};
		63E2ABE02A1BF147009C5495 /* Frameworks */ = {
			isa = PBXFrameworksBuildPhase;
			buildActionMask = 2147483647;
			files = (
			);
			runOnlyForDeploymentPostprocessing = 0;
		};
/* End PBXFrameworksBuildPhase section */

/* Begin PBXGroup section */
		63E2ABBA2A1BF145009C5495 = {
			isa = PBXGroup;
			children = (
				63E2ABC52A1BF145009C5495 /* TicTacToe */,
				63E2ABDC2A1BF147009C5495 /* TicTacToeTests */,
				63E2ABE62A1BF147009C5495 /* TicTacToeUITests */,
				63E2ABC42A1BF145009C5495 /* Products */,
			);
			sourceTree = "<group>";
		};
		63E2ABC42A1BF145009C5495 /* Products */ = {
			isa = PBXGroup;
			children = (
				63E2ABC32A1BF145009C5495 /* TicTacToe.app */,
				63E2ABD92A1BF147009C5495 /* TicTacToeTests.xctest */,
				63E2ABE32A1BF147009C5495 /* TicTacToeUITests.xctest */,
			);
			name = Products;
			sourceTree = "<group>";
		};
		63E2ABC52A1BF145009C5495 /* TicTacToe */ = {
			isa = PBXGroup;
			children = (
				63E2ABC62A1BF145009C5495 /* AppDelegate.swift */,
				63E2ABC82A1BF145009C5495 /* SceneDelegate.swift */,
				6360D3A22A1CB2E800E89576 /* Constants.swift */,
				63E2ABCA2A1BF145009C5495 /* ViewController.swift */,
				6360D3A02A1CB23900E89576 /* EditVC.swift */,
				6360D3A42A1D103700E89576 /* LaunchShcreen.storyboard */,
				63E2ABCC2A1BF145009C5495 /* Main.storyboard */,
				63E2ABCF2A1BF147009C5495 /* Assets.xcassets */,
				63E2ABD42A1BF147009C5495 /* Info.plist */,
			);
			path = TicTacToe;
			sourceTree = "<group>";
		};
		63E2ABDC2A1BF147009C5495 /* TicTacToeTests */ = {
			isa = PBXGroup;
			children = (
				63E2ABDD2A1BF147009C5495 /* TicTacToeTests.swift */,
			);
			path = TicTacToeTests;
			sourceTree = "<group>";
		};
		63E2ABE62A1BF147009C5495 /* TicTacToeUITests */ = {
			isa = PBXGroup;
			children = (
				63E2ABE72A1BF147009C5495 /* TicTacToeUITests.swift */,
				63E2ABE92A1BF147009C5495 /* TicTacToeUITestsLaunchTests.swift */,
			);
			path = TicTacToeUITests;
			sourceTree = "<group>";
		};
/* End PBXGroup section */

/* Begin PBXNativeTarget section */
		63E2ABC22A1BF145009C5495 /* TicTacToe */ = {
			isa = PBXNativeTarget;
			buildConfigurationList = 63E2ABED2A1BF147009C5495 /* Build configuration list for PBXNativeTarget "TicTacToe" */;
			buildPhases = (
				63E2ABBF2A1BF145009C5495 /* Sources */,
				63E2ABC02A1BF145009C5495 /* Frameworks */,
				63E2ABC12A1BF145009C5495 /* Resources */,
			);
			buildRules = (
			);
			dependencies = (
			);
			name = TicTacToe;
			productName = TicTacToe;
			productReference = 63E2ABC32A1BF145009C5495 /* TicTacToe.app */;
			productType = "com.apple.product-type.application";
		};
		63E2ABD82A1BF147009C5495 /* TicTacToeTests */ = {
			isa = PBXNativeTarget;
			buildConfigurationList = 63E2ABF02A1BF147009C5495 /* Build configuration list for PBXNativeTarget "TicTacToeTests" */;
			buildPhases = (
				63E2ABD52A1BF147009C5495 /* Sources */,
				63E2ABD62A1BF147009C5495 /* Frameworks */,
				63E2ABD72A1BF147009C5495 /* Resources */,
			);
			buildRules = (
			);
			dependencies = (
				63E2ABDB2A1BF147009C5495 /* PBXTargetDependency */,
			);
			name = TicTacToeTests;
			productName = TicTacToeTests;
			productReference = 63E2ABD92A1BF147009C5495 /* TicTacToeTests.xctest */;
			productType = "com.apple.product-type.bundle.unit-test";
		};
		63E2ABE22A1BF147009C5495 /* TicTacToeUITests */ = {
			isa = PBXNativeTarget;
			buildConfigurationList = 63E2ABF32A1BF147009C5495 /* Build configuration list for PBXNativeTarget "TicTacToeUITests" */;
			buildPhases = (
				63E2ABDF2A1BF147009C5495 /* Sources */,
				63E2ABE02A1BF147009C5495 /* Frameworks */,
				63E2ABE12A1BF147009C5495 /* Resources */,
			);
			buildRules = (
			);
			dependencies = (
				63E2ABE52A1BF147009C5495 /* PBXTargetDependency */,
			);
			name = TicTacToeUITests;
			productName = TicTacToeUITests;
			productReference = 63E2ABE32A1BF147009C5495 /* TicTacToeUITests.xctest */;
			productType = "com.apple.product-type.bundle.ui-testing";
		};
/* End PBXNativeTarget section */

/* Begin PBXProject section */
		63E2ABBB2A1BF145009C5495 /* Project object */ = {
			isa = PBXProject;
			attributes = {
				BuildIndependentTargetsInParallel = 1;
				LastSwiftUpdateCheck = 1430;
				LastUpgradeCheck = 1430;
				TargetAttributes = {
					63E2ABC22A1BF145009C5495 = {
						CreatedOnToolsVersion = 14.3;
					};
					63E2ABD82A1BF147009C5495 = {
						CreatedOnToolsVersion = 14.3;
						TestTargetID = 63E2ABC22A1BF145009C5495;
					};
					63E2ABE22A1BF147009C5495 = {
						CreatedOnToolsVersion = 14.3;
						TestTargetID = 63E2ABC22A1BF145009C5495;
					};
				};
			};
			buildConfigurationList = 63E2ABBE2A1BF145009C5495 /* Build configuration list for PBXProject "TicTacToe" */;
			compatibilityVersion = "Xcode 14.0";
			developmentRegion = en;
			hasScannedForEncodings = 0;
			knownRegions = (
				en,
				Base,
			);
			mainGroup = 63E2ABBA2A1BF145009C5495;
			productRefGroup = 63E2ABC42A1BF145009C5495 /* Products */;
			projectDirPath = "";
			projectRoot = "";
			targets = (
				63E2ABC22A1BF145009C5495 /* TicTacToe */,
				63E2ABD82A1BF147009C5495 /* TicTacToeTests */,
				63E2ABE22A1BF147009C5495 /* TicTacToeUITests */,
			);
		};
/* End PBXProject section */

/* Begin PBXResourcesBuildPhase section */
		63E2ABC12A1BF145009C5495 /* Resources */ = {
			isa = PBXResourcesBuildPhase;
			buildActionMask = 2147483647;
			files = (
				6360D3A52A1D103700E89576 /* LaunchShcreen.storyboard in Resources */,
				63E2ABD02A1BF147009C5495 /* Assets.xcassets in Resources */,
				63E2ABCE2A1BF145009C5495 /* Main.storyboard in Resources */,
			);
			runOnlyForDeploymentPostprocessing = 0;
		};
		63E2ABD72A1BF147009C5495 /* Resources */ = {
			isa = PBXResourcesBuildPhase;
			buildActionMask = 2147483647;
			files = (
			);
			runOnlyForDeploymentPostprocessing = 0;
		};
		63E2ABE12A1BF147009C5495 /* Resources */ = {
			isa = PBXResourcesBuildPhase;
			buildActionMask = 2147483647;
			files = (
			);
			runOnlyForDeploymentPostprocessing = 0;
		};
/* End PBXResourcesBuildPhase section */

/* Begin PBXSourcesBuildPhase section */
		63E2ABBF2A1BF145009C5495 /* Sources */ = {
			isa = PBXSourcesBuildPhase;
			buildActionMask = 2147483647;
			files = (
				6360D3A32A1CB2E800E89576 /* Constants.swift in Sources */,
				63E2ABCB2A1BF145009C5495 /* ViewController.swift in Sources */,
				63E2ABC72A1BF145009C5495 /* AppDelegate.swift in Sources */,
				6360D3A12A1CB23900E89576 /* EditVC.swift in Sources */,
				63E2ABC92A1BF145009C5495 /* SceneDelegate.swift in Sources */,
			);
			runOnlyForDeploymentPostprocessing = 0;
		};
		63E2ABD52A1BF147009C5495 /* Sources */ = {
			isa = PBXSourcesBuildPhase;
			buildActionMask = 2147483647;
			files = (
				63E2ABDE2A1BF147009C5495 /* TicTacToeTests.swift in Sources */,
			);
			runOnlyForDeploymentPostprocessing = 0;
		};
		63E2ABDF2A1BF147009C5495 /* Sources */ = {
			isa = PBXSourcesBuildPhase;
			buildActionMask = 2147483647;
			files = (
				63E2ABE82A1BF147009C5495 /* TicTacToeUITests.swift in Sources */,
				63E2ABEA2A1BF147009C5495 /* TicTacToeUITestsLaunchTests.swift in Sources */,
			);
			runOnlyForDeploymentPostprocessing = 0;
		};
/* End PBXSourcesBuildPhase section */

/* Begin PBXTargetDependency section */
		63E2ABDB2A1BF147009C5495 /* PBXTargetDependency */ = {
			isa = PBXTargetDependency;
			target = 63E2ABC22A1BF145009C5495 /* TicTacToe */;
			targetProxy = 63E2ABDA2A1BF147009C5495 /* PBXContainerItemProxy */;
		};
		63E2ABE52A1BF147009C5495 /* PBXTargetDependency */ = {
			isa = PBXTargetDependency;
			target = 63E2ABC22A1BF145009C5495 /* TicTacToe */;
			targetProxy = 63E2ABE42A1BF147009C5495 /* PBXContainerItemProxy */;
		};
/* End PBXTargetDependency section */

/* Begin PBXVariantGroup section */
		63E2ABCC2A1BF145009C5495 /* Main.storyboard */ = {
			isa = PBXVariantGroup;
			children = (
				63E2ABCD2A1BF145009C5495 /* Base */,
			);
			name = Main.storyboard;
			sourceTree = "<group>";
		};
/* End PBXVariantGroup section */

/* Begin XCBuildConfiguration section */
		63E2ABEB2A1BF147009C5495 /* Debug */ = {
			isa = XCBuildConfiguration;
			buildSettings = {
				ALWAYS_SEARCH_USER_PATHS = NO;
				CLANG_ANALYZER_NONNULL = YES;
				CLANG_ANALYZER_NUMBER_OBJECT_CONVERSION = YES_AGGRESSIVE;
				CLANG_CXX_LANGUAGE_STANDARD = "gnu++20";
				CLANG_ENABLE_MODULES = YES;
				CLANG_ENABLE_OBJC_ARC = YES;
				CLANG_ENABLE_OBJC_WEAK = YES;
				CLANG_WARN_BLOCK_CAPTURE_AUTORELEASING = YES;
				CLANG_WARN_BOOL_CONVERSION = YES;
				CLANG_WARN_COMMA = YES;
				CLANG_WARN_CONSTANT_CONVERSION = YES;
				CLANG_WARN_DEPRECATED_OBJC_IMPLEMENTATIONS = YES;
				CLANG_WARN_DIRECT_OBJC_ISA_USAGE = YES_ERROR;
				CLANG_WARN_DOCUMENTATION_COMMENTS = YES;
				CLANG_WARN_EMPTY_BODY = YES;
				CLANG_WARN_ENUM_CONVERSION = YES;
				CLANG_WARN_INFINITE_RECURSION = YES;
				CLANG_WARN_INT_CONVERSION = YES;
				CLANG_WARN_NON_LITERAL_NULL_CONVERSION = YES;
				CLANG_WARN_OBJC_IMPLICIT_RETAIN_SELF = YES;
				CLANG_WARN_OBJC_LITERAL_CONVERSION = YES;
				CLANG_WARN_OBJC_ROOT_CLASS = YES_ERROR;
				CLANG_WARN_QUOTED_INCLUDE_IN_FRAMEWORK_HEADER = YES;
				CLANG_WARN_RANGE_LOOP_ANALYSIS = YES;
				CLANG_WARN_STRICT_PROTOTYPES = YES;
				CLANG_WARN_SUSPICIOUS_MOVE = YES;
				CLANG_WARN_UNGUARDED_AVAILABILITY = YES_AGGRESSIVE;
				CLANG_WARN_UNREACHABLE_CODE = YES;
				CLANG_WARN__DUPLICATE_METHOD_MATCH = YES;
				COPY_PHASE_STRIP = NO;
				DEBUG_INFORMATION_FORMAT = dwarf;
				ENABLE_STRICT_OBJC_MSGSEND = YES;
				ENABLE_TESTABILITY = YES;
				GCC_C_LANGUAGE_STANDARD = gnu11;
				GCC_DYNAMIC_NO_PIC = NO;
				GCC_NO_COMMON_BLOCKS = YES;
				GCC_OPTIMIZATION_LEVEL = 0;
				GCC_PREPROCESSOR_DEFINITIONS = (
					"DEBUG=1",
					"$(inherited)",
				);
				GCC_WARN_64_TO_32_BIT_CONVERSION = YES;
				GCC_WARN_ABOUT_RETURN_TYPE = YES_ERROR;
				GCC_WARN_UNDECLARED_SELECTOR = YES;
				GCC_WARN_UNINITIALIZED_AUTOS = YES_AGGRESSIVE;
				GCC_WARN_UNUSED_FUNCTION = YES;
				GCC_WARN_UNUSED_VARIABLE = YES;
				IPHONEOS_DEPLOYMENT_TARGET = 16.4;
				MTL_ENABLE_DEBUG_INFO = INCLUDE_SOURCE;
				MTL_FAST_MATH = YES;
				ONLY_ACTIVE_ARCH = YES;
				SDKROOT = iphoneos;
				SWIFT_ACTIVE_COMPILATION_CONDITIONS = DEBUG;
				SWIFT_OPTIMIZATION_LEVEL = "-Onone";
			};
			name = Debug;
		};
		63E2ABEC2A1BF147009C5495 /* Release */ = {
			isa = XCBuildConfiguration;
			buildSettings = {
				ALWAYS_SEARCH_USER_PATHS = NO;
				CLANG_ANALYZER_NONNULL = YES;
				CLANG_ANALYZER_NUMBER_OBJECT_CONVERSION = YES_AGGRESSIVE;
				CLANG_CXX_LANGUAGE_STANDARD = "gnu++20";
				CLANG_ENABLE_MODULES = YES;
				CLANG_ENABLE_OBJC_ARC = YES;
				CLANG_ENABLE_OBJC_WEAK = YES;
				CLANG_WARN_BLOCK_CAPTURE_AUTORELEASING = YES;
				CLANG_WARN_BOOL_CONVERSION = YES;
				CLANG_WARN_COMMA = YES;
				CLANG_WARN_CONSTANT_CONVERSION = YES;
				CLANG_WARN_DEPRECATED_OBJC_IMPLEMENTATIONS = YES;
				CLANG_WARN_DIRECT_OBJC_ISA_USAGE = YES_ERROR;
				CLANG_WARN_DOCUMENTATION_COMMENTS = YES;
				CLANG_WARN_EMPTY_BODY = YES;
				CLANG_WARN_ENUM_CONVERSION = YES;
				CLANG_WARN_INFINITE_RECURSION = YES;
				CLANG_WARN_INT_CONVERSION = YES;
				CLANG_WARN_NON_LITERAL_NULL_CONVERSION = YES;
				CLANG_WARN_OBJC_IMPLICIT_RETAIN_SELF = YES;
				CLANG_WARN_OBJC_LITERAL_CONVERSION = YES;
				CLANG_WARN_OBJC_ROOT_CLASS = YES_ERROR;
				CLANG_WARN_QUOTED_INCLUDE_IN_FRAMEWORK_HEADER = YES;
				CLANG_WARN_RANGE_LOOP_ANALYSIS = YES;
				CLANG_WARN_STRICT_PROTOTYPES = YES;
				CLANG_WARN_SUSPICIOUS_MOVE = YES;
				CLANG_WARN_UNGUARDED_AVAILABILITY = YES_AGGRESSIVE;
				CLANG_WARN_UNREACHABLE_CODE = YES;
				CLANG_WARN__DUPLICATE_METHOD_MATCH = YES;
				COPY_PHASE_STRIP = NO;
				DEBUG_INFORMATION_FORMAT = "dwarf-with-dsym";
				ENABLE_NS_ASSERTIONS = NO;
				ENABLE_STRICT_OBJC_MSGSEND = YES;
				GCC_C_LANGUAGE_STANDARD = gnu11;
				GCC_NO_COMMON_BLOCKS = YES;
				GCC_WARN_64_TO_32_BIT_CONVERSION = YES;
				GCC_WARN_ABOUT_RETURN_TYPE = YES_ERROR;
				GCC_WARN_UNDECLARED_SELECTOR = YES;
				GCC_WARN_UNINITIALIZED_AUTOS = YES_AGGRESSIVE;
				GCC_WARN_UNUSED_FUNCTION = YES;
				GCC_WARN_UNUSED_VARIABLE = YES;
				IPHONEOS_DEPLOYMENT_TARGET = 16.4;
				MTL_ENABLE_DEBUG_INFO = NO;
				MTL_FAST_MATH = YES;
				SDKROOT = iphoneos;
				SWIFT_COMPILATION_MODE = wholemodule;
				SWIFT_OPTIMIZATION_LEVEL = "-O";
				VALIDATE_PRODUCT = YES;
			};
			name = Release;
		};
		63E2ABEE2A1BF147009C5495 /* Debug */ = {
			isa = XCBuildConfiguration;
			buildSettings = {
				ASSETCATALOG_COMPILER_APPICON_NAME = AppIcon;
				ASSETCATALOG_COMPILER_GLOBAL_ACCENT_COLOR_NAME = AccentColor;
				CODE_SIGN_STYLE = Automatic;
				CURRENT_PROJECT_VERSION = 1;
				DEVELOPMENT_TEAM = 637FC6BUKX;
				GENERATE_INFOPLIST_FILE = YES;
				INFOPLIST_FILE = TicTacToe/Info.plist;
				INFOPLIST_KEY_UIApplicationSupportsIndirectInputEvents = YES;
				INFOPLIST_KEY_UILaunchStoryboardName = LaunchShcreen.storyboard;
				INFOPLIST_KEY_UIMainStoryboardFile = Main;
				INFOPLIST_KEY_UISupportedInterfaceOrientations_iPad = "UIInterfaceOrientationPortrait UIInterfaceOrientationPortraitUpsideDown UIInterfaceOrientationLandscapeLeft UIInterfaceOrientationLandscapeRight";
				INFOPLIST_KEY_UISupportedInterfaceOrientations_iPhone = "UIInterfaceOrientationPortrait UIInterfaceOrientationLandscapeLeft UIInterfaceOrientationLandscapeRight";
				LD_RUNPATH_SEARCH_PATHS = (
					"$(inherited)",
					"@executable_path/Frameworks",
				);
				MARKETING_VERSION = 1.0;
				PRODUCT_BUNDLE_IDENTIFIER = com.ekenozlu.TicTacToe;
				PRODUCT_NAME = "$(TARGET_NAME)";
				SWIFT_EMIT_LOC_STRINGS = YES;
				SWIFT_VERSION = 5.0;
				TARGETED_DEVICE_FAMILY = "1,2";
			};
			name = Debug;
		};
		63E2ABEF2A1BF147009C5495 /* Release */ = {
			isa = XCBuildConfiguration;
			buildSettings = {
				ASSETCATALOG_COMPILER_APPICON_NAME = AppIcon;
				ASSETCATALOG_COMPILER_GLOBAL_ACCENT_COLOR_NAME = AccentColor;
				CODE_SIGN_STYLE = Automatic;
				CURRENT_PROJECT_VERSION = 1;
				DEVELOPMENT_TEAM = 637FC6BUKX;
				GENERATE_INFOPLIST_FILE = YES;
				INFOPLIST_FILE = TicTacToe/Info.plist;
				INFOPLIST_KEY_UIApplicationSupportsIndirectInputEvents = YES;
				INFOPLIST_KEY_UILaunchStoryboardName = LaunchShcreen.storyboard;
				INFOPLIST_KEY_UIMainStoryboardFile = Main;
				INFOPLIST_KEY_UISupportedInterfaceOrientations_iPad = "UIInterfaceOrientationPortrait UIInterfaceOrientationPortraitUpsideDown UIInterfaceOrientationLandscapeLeft UIInterfaceOrientationLandscapeRight";
				INFOPLIST_KEY_UISupportedInterfaceOrientations_iPhone = "UIInterfaceOrientationPortrait UIInterfaceOrientationLandscapeLeft UIInterfaceOrientationLandscapeRight";
				LD_RUNPATH_SEARCH_PATHS = (
					"$(inherited)",
					"@executable_path/Frameworks",
				);
				MARKETING_VERSION = 1.0;
				PRODUCT_BUNDLE_IDENTIFIER = com.ekenozlu.TicTacToe;
				PRODUCT_NAME = "$(TARGET_NAME)";
				SWIFT_EMIT_LOC_STRINGS = YES;
				SWIFT_VERSION = 5.0;
				TARGETED_DEVICE_FAMILY = "1,2";
			};
			name = Release;
		};
		63E2ABF12A1BF147009C5495 /* Debug */ = {
			isa = XCBuildConfiguration;
			buildSettings = {
				ALWAYS_EMBED_SWIFT_STANDARD_LIBRARIES = YES;
				BUNDLE_LOADER = "$(TEST_HOST)";
				CODE_SIGN_STYLE = Automatic;
				CURRENT_PROJECT_VERSION = 1;
				DEVELOPMENT_TEAM = 637FC6BUKX;
				GENERATE_INFOPLIST_FILE = YES;
				IPHONEOS_DEPLOYMENT_TARGET = 16.4;
				MARKETING_VERSION = 1.0;
				PRODUCT_BUNDLE_IDENTIFIER = com.ekenozlu.TicTacToeTests;
				PRODUCT_NAME = "$(TARGET_NAME)";
				SWIFT_EMIT_LOC_STRINGS = NO;
				SWIFT_VERSION = 5.0;
				TARGETED_DEVICE_FAMILY = "1,2";
				TEST_HOST = "$(BUILT_PRODUCTS_DIR)/TicTacToe.app/$(BUNDLE_EXECUTABLE_FOLDER_PATH)/TicTacToe";
			};
			name = Debug;
		};
		63E2ABF22A1BF147009C5495 /* Release */ = {
			isa = XCBuildConfiguration;
			buildSettings = {
				ALWAYS_EMBED_SWIFT_STANDARD_LIBRARIES = YES;
				BUNDLE_LOADER = "$(TEST_HOST)";
				CODE_SIGN_STYLE = Automatic;
				CURRENT_PROJECT_VERSION = 1;
				DEVELOPMENT_TEAM = 637FC6BUKX;
				GENERATE_INFOPLIST_FILE = YES;
				IPHONEOS_DEPLOYMENT_TARGET = 16.4;
				MARKETING_VERSION = 1.0;
				PRODUCT_BUNDLE_IDENTIFIER = com.ekenozlu.TicTacToeTests;
				PRODUCT_NAME = "$(TARGET_NAME)";
				SWIFT_EMIT_LOC_STRINGS = NO;
				SWIFT_VERSION = 5.0;
				TARGETED_DEVICE_FAMILY = "1,2";
				TEST_HOST = "$(BUILT_PRODUCTS_DIR)/TicTacToe.app/$(BUNDLE_EXECUTABLE_FOLDER_PATH)/TicTacToe";
			};
			name = Release;
		};
		63E2ABF42A1BF147009C5495 /* Debug */ = {
			isa = XCBuildConfiguration;
			buildSettings = {
				ALWAYS_EMBED_SWIFT_STANDARD_LIBRARIES = YES;
				CODE_SIGN_STYLE = Automatic;
				CURRENT_PROJECT_VERSION = 1;
				DEVELOPMENT_TEAM = 637FC6BUKX;
				GENERATE_INFOPLIST_FILE = YES;
				MARKETING_VERSION = 1.0;
				PRODUCT_BUNDLE_IDENTIFIER = com.ekenozlu.TicTacToeUITests;
				PRODUCT_NAME = "$(TARGET_NAME)";
				SWIFT_EMIT_LOC_STRINGS = NO;
				SWIFT_VERSION = 5.0;
				TARGETED_DEVICE_FAMILY = "1,2";
				TEST_TARGET_NAME = TicTacToe;
			};
			name = Debug;
		};
		63E2ABF52A1BF147009C5495 /* Release */ = {
			isa = XCBuildConfiguration;
			buildSettings = {
				ALWAYS_EMBED_SWIFT_STANDARD_LIBRARIES = YES;
				CODE_SIGN_STYLE = Automatic;
				CURRENT_PROJECT_VERSION = 1;
				DEVELOPMENT_TEAM = 637FC6BUKX;
				GENERATE_INFOPLIST_FILE = YES;
				MARKETING_VERSION = 1.0;
				PRODUCT_BUNDLE_IDENTIFIER = com.ekenozlu.TicTacToeUITests;
				PRODUCT_NAME = "$(TARGET_NAME)";
				SWIFT_EMIT_LOC_STRINGS = NO;
				SWIFT_VERSION = 5.0;
				TARGETED_DEVICE_FAMILY = "1,2";
				TEST_TARGET_NAME = TicTacToe;
			};
			name = Release;
		};
/* End XCBuildConfiguration section */

/* Begin XCConfigurationList section */
		63E2ABBE2A1BF145009C5495 /* Build configuration list for PBXProject "TicTacToe" */ = {
			isa = XCConfigurationList;
			buildConfigurations = (
				63E2ABEB2A1BF147009C5495 /* Debug */,
				63E2ABEC2A1BF147009C5495 /* Release */,
			);
			defaultConfigurationIsVisible = 0;
			defaultConfigurationName = Release;
		};
		63E2ABED2A1BF147009C5495 /* Build configuration list for PBXNativeTarget "TicTacToe" */ = {
			isa = XCConfigurationList;
			buildConfigurations = (
				63E2ABEE2A1BF147009C5495 /* Debug */,
				63E2ABEF2A1BF147009C5495 /* Release */,
			);
			defaultConfigurationIsVisible = 0;
			defaultConfigurationName = Release;
		};
		63E2ABF02A1BF147009C5495 /* Build configuration list for PBXNativeTarget "TicTacToeTests" */ = {
			isa = XCConfigurationList;
			buildConfigurations = (
				63E2ABF12A1BF147009C5495 /* Debug */,
				63E2ABF22A1BF147009C5495 /* Release */,
			);
			defaultConfigurationIsVisible = 0;
			defaultConfigurationName = Release;
		};
		63E2ABF32A1BF147009C5495 /* Build configuration list for PBXNativeTarget "TicTacToeUITests" */ = {
			isa = XCConfigurationList;
			buildConfigurations = (
				63E2ABF42A1BF147009C5495 /* Debug */,
				63E2ABF52A1BF147009C5495 /* Release */,
			);
			defaultConfigurationIsVisible = 0;
			defaultConfigurationName = Release;
		};
/* End XCConfigurationList section */
	};
	rootObject = 63E2ABBB2A1BF145009C5495 /* Project object */;
}
